// !$*UTF8*$!
{
	archiveVersion = 1;
	classes = {
	};
	objectVersion = 46;
	objects = {

/* Begin PBXBuildFile section */
		41241986D3344BFEA2EB3FE1 /* libPods.a in Frameworks */ = {isa = PBXBuildFile; fileRef = 1D3C8B1E58D0460DAA5FF037 /* libPods.a */; };
		7915200F17203EE100AB33F0 /* MobiListEntry.m in Sources */ = {isa = PBXBuildFile; fileRef = 7915200E17203EE100AB33F0 /* MobiListEntry.m */; };
		79152012172040D400AB33F0 /* MobiList.m in Sources */ = {isa = PBXBuildFile; fileRef = 79152011172040D400AB33F0 /* MobiList.m */; };
		79152015172047E900AB33F0 /* MobiListStore.m in Sources */ = {isa = PBXBuildFile; fileRef = 79152014172047E900AB33F0 /* MobiListStore.m */; };
		791520171720521F00AB33F0 /* libxml2.dylib in Frameworks */ = {isa = PBXBuildFile; fileRef = 791520161720521F00AB33F0 /* libxml2.dylib */; };
		791520191720522D00AB33F0 /* Security.framework in Frameworks */ = {isa = PBXBuildFile; fileRef = 791520181720522D00AB33F0 /* Security.framework */; };
		7915201B1720523100AB33F0 /* CFNetwork.framework in Frameworks */ = {isa = PBXBuildFile; fileRef = 7915201A1720523100AB33F0 /* CFNetwork.framework */; };
		7915201D1720524100AB33F0 /* libresolv.dylib in Frameworks */ = {isa = PBXBuildFile; fileRef = 7915201C1720524100AB33F0 /* libresolv.dylib */; };
		79207512176CAE9E00C6F1D2 /* ListCreatedAccept.m in Sources */ = {isa = PBXBuildFile; fileRef = 79207511176CAE9E00C6F1D2 /* ListCreatedAccept.m */; };
		79207515176CB05000C6F1D2 /* ListCreatedInfo.m in Sources */ = {isa = PBXBuildFile; fileRef = 79207514176CB05000C6F1D2 /* ListCreatedInfo.m */; };
		79207518176CF2C600C6F1D2 /* ListEditedAccept.m in Sources */ = {isa = PBXBuildFile; fileRef = 79207517176CF2C500C6F1D2 /* ListEditedAccept.m */; };
		7920751B176CF45D00C6F1D2 /* ListEditedInfo.m in Sources */ = {isa = PBXBuildFile; fileRef = 7920751A176CF45D00C6F1D2 /* ListEditedInfo.m */; };
		7920751E176DA83D00C6F1D2 /* ListDeletedInfo.m in Sources */ = {isa = PBXBuildFile; fileRef = 7920751D176DA83D00C6F1D2 /* ListDeletedInfo.m */; };
		79207521176DAAA900C6F1D2 /* ListDeletedAccept.m in Sources */ = {isa = PBXBuildFile; fileRef = 79207520176DAAA900C6F1D2 /* ListDeletedAccept.m */; };
		79207524176DD83500C6F1D2 /* EntryCreatedInfo.m in Sources */ = {isa = PBXBuildFile; fileRef = 79207523176DD83400C6F1D2 /* EntryCreatedInfo.m */; };
		79207527176DDF5200C6F1D2 /* EntryCreatedAccept.m in Sources */ = {isa = PBXBuildFile; fileRef = 79207526176DDF5100C6F1D2 /* EntryCreatedAccept.m */; };
		7920752A176DF07700C6F1D2 /* EntryEditedInfo.m in Sources */ = {isa = PBXBuildFile; fileRef = 79207529176DF07600C6F1D2 /* EntryEditedInfo.m */; };
		7920752D176DF34300C6F1D2 /* EntryEditedAccept.m in Sources */ = {isa = PBXBuildFile; fileRef = 7920752C176DF34200C6F1D2 /* EntryEditedAccept.m */; };
		7972141217212C7300D63C38 /* libiconv.dylib in Frameworks */ = {isa = PBXBuildFile; fileRef = 7972141117212C7300D63C38 /* libiconv.dylib */; };
		79768E8D171AD42800F5DDA1 /* UIKit.framework in Frameworks */ = {isa = PBXBuildFile; fileRef = 79768E8C171AD42800F5DDA1 /* UIKit.framework */; };
		79768E8F171AD42800F5DDA1 /* Foundation.framework in Frameworks */ = {isa = PBXBuildFile; fileRef = 79768E8E171AD42800F5DDA1 /* Foundation.framework */; };
		79768E91171AD42800F5DDA1 /* CoreGraphics.framework in Frameworks */ = {isa = PBXBuildFile; fileRef = 79768E90171AD42800F5DDA1 /* CoreGraphics.framework */; };
		79768E97171AD42800F5DDA1 /* InfoPlist.strings in Resources */ = {isa = PBXBuildFile; fileRef = 79768E95171AD42800F5DDA1 /* InfoPlist.strings */; };
		79768E99171AD42800F5DDA1 /* main.m in Sources */ = {isa = PBXBuildFile; fileRef = 79768E98171AD42800F5DDA1 /* main.m */; };
		79768E9D171AD42800F5DDA1 /* MobiAppDelegate.m in Sources */ = {isa = PBXBuildFile; fileRef = 79768E9C171AD42800F5DDA1 /* MobiAppDelegate.m */; };
		79768E9F171AD42800F5DDA1 /* Default.png in Resources */ = {isa = PBXBuildFile; fileRef = 79768E9E171AD42800F5DDA1 /* Default.png */; };
		79768EA1171AD42800F5DDA1 /* Default@2x.png in Resources */ = {isa = PBXBuildFile; fileRef = 79768EA0171AD42800F5DDA1 /* Default@2x.png */; };
		79768EA3171AD42800F5DDA1 /* Default-568h@2x.png in Resources */ = {isa = PBXBuildFile; fileRef = 79768EA2171AD42800F5DDA1 /* Default-568h@2x.png */; };
		798D5FBC17CCAC0000B27757 /* SystemConfiguration.framework in Frameworks */ = {isa = PBXBuildFile; fileRef = 798D5FBB17CCAC0000B27757 /* SystemConfiguration.framework */; };
		7999F6AA171D658E00B74031 /* Button.png in Resources */ = {isa = PBXBuildFile; fileRef = 7999F6A6171D658E00B74031 /* Button.png */; };
		7999F6AB171D658E00B74031 /* Button@2x.png in Resources */ = {isa = PBXBuildFile; fileRef = 7999F6A7171D658E00B74031 /* Button@2x.png */; };
		7999F6AC171D658E00B74031 /* ButtonHighlighted.png in Resources */ = {isa = PBXBuildFile; fileRef = 7999F6A8171D658E00B74031 /* ButtonHighlighted.png */; };
		7999F6AD171D658E00B74031 /* ButtonHighlighted@2x.png in Resources */ = {isa = PBXBuildFile; fileRef = 7999F6A9171D658E00B74031 /* ButtonHighlighted@2x.png */; };
		7999F6B2171D730000B74031 /* light_toast.png in Resources */ = {isa = PBXBuildFile; fileRef = 7999F6B1171D72FF00B74031 /* light_toast.png */; };
		7999F6B5171D7DDA00B74031 /* add.png in Resources */ = {isa = PBXBuildFile; fileRef = 7999F6B3171D7DDA00B74031 /* add.png */; };
		7999F6B6171D7DDA00B74031 /* settings.png in Resources */ = {isa = PBXBuildFile; fileRef = 7999F6B4171D7DDA00B74031 /* settings.png */; };
		7999F6BA171D84BE00B74031 /* XMPPSettingsViewController.m in Sources */ = {isa = PBXBuildFile; fileRef = 7999F6B8171D84BE00B74031 /* XMPPSettingsViewController.m */; };
		7999F6BB171D84BE00B74031 /* XMPPSettingsViewController.xib in Resources */ = {isa = PBXBuildFile; fileRef = 7999F6B9171D84BE00B74031 /* XMPPSettingsViewController.xib */; };
		7999F6BF171D86CD00B74031 /* ListDetailViewController.m in Sources */ = {isa = PBXBuildFile; fileRef = 7999F6BD171D86CC00B74031 /* ListDetailViewController.m */; };
		7999F6C0171D86CD00B74031 /* ListDetailViewController.xib in Resources */ = {isa = PBXBuildFile; fileRef = 7999F6BE171D86CD00B74031 /* ListDetailViewController.xib */; };
		7999F6C5171DAB3A00B74031 /* TodoListEntryCell.m in Sources */ = {isa = PBXBuildFile; fileRef = 7999F6C4171DAB3A00B74031 /* TodoListEntryCell.m */; };
		7999F6C7171DAB5F00B74031 /* TodoListEntryCell.xib in Resources */ = {isa = PBXBuildFile; fileRef = 7999F6C6171DAB5F00B74031 /* TodoListEntryCell.xib */; };
		79A4DD7B1755085900E6BDE4 /* libMXi.a in Frameworks */ = {isa = PBXBuildFile; fileRef = 79A4DD7A1755085900E6BDE4 /* libMXi.a */; };
		79A4DD8B175A599F00E6BDE4 /* SyncRequest.m in Sources */ = {isa = PBXBuildFile; fileRef = 79A4DD8A175A599F00E6BDE4 /* SyncRequest.m */; };
		79A4DD9D175A800000E6BDE4 /* GetListRequest.m in Sources */ = {isa = PBXBuildFile; fileRef = 79A4DD9C175A800000E6BDE4 /* GetListRequest.m */; };
		79A4DDA0175B99A400E6BDE4 /* SyncResponse.m in Sources */ = {isa = PBXBuildFile; fileRef = 79A4DD9F175B99A400E6BDE4 /* SyncResponse.m */; };
		79A4DDAE175CF84D00E6BDE4 /* ListsSyncFromService.m in Sources */ = {isa = PBXBuildFile; fileRef = 79A4DDAD175CF84D00E6BDE4 /* ListsSyncFromService.m */; };
		79A4DDB1175CFA0100E6BDE4 /* ListSyncFromService.m in Sources */ = {isa = PBXBuildFile; fileRef = 79A4DDB0175CFA0100E6BDE4 /* ListSyncFromService.m */; };
		79A4DDB4175D2CB500E6BDE4 /* GetListResponse.m in Sources */ = {isa = PBXBuildFile; fileRef = 79A4DDB3175D2CB500E6BDE4 /* GetListResponse.m */; };
		79A4DDC3175F9D4A00E6BDE4 /* NSString+XMLDecoding.m in Sources */ = {isa = PBXBuildFile; fileRef = 79A4DDC2175F9D4A00E6BDE4 /* NSString+XMLDecoding.m */; };
		79A4DDC6175FC2AD00E6BDE4 /* CreateListRequest.m in Sources */ = {isa = PBXBuildFile; fileRef = 79A4DDC5175FC2AD00E6BDE4 /* CreateListRequest.m */; };
		79A4DDC91761B82000E6BDE4 /* UUIDCreator.m in Sources */ = {isa = PBXBuildFile; fileRef = 79A4DDC81761B82000E6BDE4 /* UUIDCreator.m */; };
		79A4DDCC176317EB00E6BDE4 /* CreateListResponse.m in Sources */ = {isa = PBXBuildFile; fileRef = 79A4DDCB176317EA00E6BDE4 /* CreateListResponse.m */; };
		79A4DDCF176326EC00E6BDE4 /* Constants.m in Sources */ = {isa = PBXBuildFile; fileRef = 79A4DDCE176326EB00E6BDE4 /* Constants.m */; };
		79AE3B851735AF1C000A5CA8 /* mobilist-icon.png in Resources */ = {isa = PBXBuildFile; fileRef = 79AE3B841735AF1C000A5CA8 /* mobilist-icon.png */; };
		79AE3B871735AF22000A5CA8 /* mobilist-icon@2x.png in Resources */ = {isa = PBXBuildFile; fileRef = 79AE3B861735AF22000A5CA8 /* mobilist-icon@2x.png */; };
		79B293F5176E05840059E65A /* EntryDeletedInfo.m in Sources */ = {isa = PBXBuildFile; fileRef = 79B293F4176E05840059E65A /* EntryDeletedInfo.m */; };
		79B293F8176E0AC10059E65A /* EntryDeletedAccept.m in Sources */ = {isa = PBXBuildFile; fileRef = 79B293F7176E0AC10059E65A /* EntryDeletedAccept.m */; };
		79BA8D351726C73B007FB4B3 /* TodoListCell~iphone.xib in Resources */ = {isa = PBXBuildFile; fileRef = 79BA8D341726C73B007FB4B3 /* TodoListCell~iphone.xib */; };
		79BA8D381726C784007FB4B3 /* TodoListCell.m in Sources */ = {isa = PBXBuildFile; fileRef = 79BA8D371726C784007FB4B3 /* TodoListCell.m */; };
		79BA8D3B17290423007FB4B3 /* TodoListViewController.m in Sources */ = {isa = PBXBuildFile; fileRef = 79BA8D3A17290423007FB4B3 /* TodoListViewController.m */; };
		79BA8D3F172AF3D2007FB4B3 /* EntryDetailViewController.m in Sources */ = {isa = PBXBuildFile; fileRef = 79BA8D3D172AF3D2007FB4B3 /* EntryDetailViewController.m */; };
		79BA8D40172AF3D2007FB4B3 /* EntryDetailViewController.xib in Resources */ = {isa = PBXBuildFile; fileRef = 79BA8D3E172AF3D2007FB4B3 /* EntryDetailViewController.xib */; };
		79BA8D47172B17B0007FB4B3 /* text_view_background.png in Resources */ = {isa = PBXBuildFile; fileRef = 79BA8D45172B17B0007FB4B3 /* text_view_background.png */; };
		79BA8D48172B17B0007FB4B3 /* text_view_background@2x.png in Resources */ = {isa = PBXBuildFile; fileRef = 79BA8D46172B17B0007FB4B3 /* text_view_background@2x.png */; };
		79C7AB901763CD7C00AE4880 /* DeleteListRequest.m in Sources */ = {isa = PBXBuildFile; fileRef = 79C7AB8F1763CD7C00AE4880 /* DeleteListRequest.m */; };
		79C7AB931763CE7D00AE4880 /* DeleteListResponse.m in Sources */ = {isa = PBXBuildFile; fileRef = 79C7AB921763CE7D00AE4880 /* DeleteListResponse.m */; };
		79C7AB981764856000AE4880 /* EditListRequest.m in Sources */ = {isa = PBXBuildFile; fileRef = 79C7AB971764856000AE4880 /* EditListRequest.m */; };
		79C7AB9B1764875D00AE4880 /* EditListResponse.m in Sources */ = {isa = PBXBuildFile; fileRef = 79C7AB9A1764875C00AE4880 /* EditListResponse.m */; };
		79C7AB9E17662E8200AE4880 /* CreateEntryRequest.m in Sources */ = {isa = PBXBuildFile; fileRef = 79C7AB9D17662E8200AE4880 /* CreateEntryRequest.m */; };
		79C7ABA1176632E700AE4880 /* CreateEntryResponse.m in Sources */ = {isa = PBXBuildFile; fileRef = 79C7ABA0176632E600AE4880 /* CreateEntryResponse.m */; };
		79C7ABA41766F4BD00AE4880 /* checked.png in Resources */ = {isa = PBXBuildFile; fileRef = 79C7ABA21766F4BD00AE4880 /* checked.png */; };
		79C7ABA51766F4BD00AE4880 /* not-checked.png in Resources */ = {isa = PBXBuildFile; fileRef = 79C7ABA31766F4BD00AE4880 /* not-checked.png */; };
		79C7ABA81767380900AE4880 /* EditEntryRequest.m in Sources */ = {isa = PBXBuildFile; fileRef = 79C7ABA71767380800AE4880 /* EditEntryRequest.m */; };
		79C7ABAB17673A2700AE4880 /* EditEntryResponse.m in Sources */ = {isa = PBXBuildFile; fileRef = 79C7ABAA17673A2600AE4880 /* EditEntryResponse.m */; };
		79C7ABAE1767A99400AE4880 /* DeleteEntryRequest.m in Sources */ = {isa = PBXBuildFile; fileRef = 79C7ABAD1767A99300AE4880 /* DeleteEntryRequest.m */; };
		79C7ABB11767AC3300AE4880 /* DeleteEntryResponse.m in Sources */ = {isa = PBXBuildFile; fileRef = 79C7ABB01767AC3100AE4880 /* DeleteEntryResponse.m */; };
		79FF6A7E171D3C2F00A3202F /* bit-tile-blue.gif in Resources */ = {isa = PBXBuildFile; fileRef = 79FF6A7D171D3C2F00A3202F /* bit-tile-blue.gif */; };
		79FF6A87171D3E3000A3202F /* DashboardViewController.m in Sources */ = {isa = PBXBuildFile; fileRef = 79FF6A85171D3E3000A3202F /* DashboardViewController.m */; };
		79FF6A88171D3E3000A3202F /* DashboardViewController.xib in Resources */ = {isa = PBXBuildFile; fileRef = 79FF6A86171D3E3000A3202F /* DashboardViewController.xib */; };
/* End PBXBuildFile section */

/* Begin PBXFileReference section */
		1D3C8B1E58D0460DAA5FF037 /* libPods.a */ = {isa = PBXFileReference; explicitFileType = archive.ar; includeInIndex = 0; path = libPods.a; sourceTree = BUILT_PRODUCTS_DIR; };
		7915200D17203EE100AB33F0 /* MobiListEntry.h */ = {isa = PBXFileReference; fileEncoding = 4; lastKnownFileType = sourcecode.c.h; path = MobiListEntry.h; sourceTree = "<group>"; };
		7915200E17203EE100AB33F0 /* MobiListEntry.m */ = {isa = PBXFileReference; fileEncoding = 4; lastKnownFileType = sourcecode.c.objc; path = MobiListEntry.m; sourceTree = "<group>"; };
		79152010172040D400AB33F0 /* MobiList.h */ = {isa = PBXFileReference; fileEncoding = 4; lastKnownFileType = sourcecode.c.h; path = MobiList.h; sourceTree = "<group>"; };
		79152011172040D400AB33F0 /* MobiList.m */ = {isa = PBXFileReference; fileEncoding = 4; lastKnownFileType = sourcecode.c.objc; path = MobiList.m; sourceTree = "<group>"; };
		79152013172047E900AB33F0 /* MobiListStore.h */ = {isa = PBXFileReference; fileEncoding = 4; lastKnownFileType = sourcecode.c.h; path = MobiListStore.h; sourceTree = "<group>"; };
		79152014172047E900AB33F0 /* MobiListStore.m */ = {isa = PBXFileReference; fileEncoding = 4; lastKnownFileType = sourcecode.c.objc; path = MobiListStore.m; sourceTree = "<group>"; };
		791520161720521F00AB33F0 /* libxml2.dylib */ = {isa = PBXFileReference; lastKnownFileType = "compiled.mach-o.dylib"; name = libxml2.dylib; path = usr/lib/libxml2.dylib; sourceTree = SDKROOT; };
		791520181720522D00AB33F0 /* Security.framework */ = {isa = PBXFileReference; lastKnownFileType = wrapper.framework; name = Security.framework; path = System/Library/Frameworks/Security.framework; sourceTree = SDKROOT; };
		7915201A1720523100AB33F0 /* CFNetwork.framework */ = {isa = PBXFileReference; lastKnownFileType = wrapper.framework; name = CFNetwork.framework; path = System/Library/Frameworks/CFNetwork.framework; sourceTree = SDKROOT; };
		7915201C1720524100AB33F0 /* libresolv.dylib */ = {isa = PBXFileReference; lastKnownFileType = "compiled.mach-o.dylib"; name = libresolv.dylib; path = usr/lib/libresolv.dylib; sourceTree = SDKROOT; };
		79207510176CAE9E00C6F1D2 /* ListCreatedAccept.h */ = {isa = PBXFileReference; fileEncoding = 4; lastKnownFileType = sourcecode.c.h; path = ListCreatedAccept.h; sourceTree = "<group>"; };
		79207511176CAE9E00C6F1D2 /* ListCreatedAccept.m */ = {isa = PBXFileReference; fileEncoding = 4; lastKnownFileType = sourcecode.c.objc; path = ListCreatedAccept.m; sourceTree = "<group>"; };
		79207513176CB05000C6F1D2 /* ListCreatedInfo.h */ = {isa = PBXFileReference; fileEncoding = 4; lastKnownFileType = sourcecode.c.h; path = ListCreatedInfo.h; sourceTree = "<group>"; };
		79207514176CB05000C6F1D2 /* ListCreatedInfo.m */ = {isa = PBXFileReference; fileEncoding = 4; lastKnownFileType = sourcecode.c.objc; path = ListCreatedInfo.m; sourceTree = "<group>"; };
		79207516176CF2C500C6F1D2 /* ListEditedAccept.h */ = {isa = PBXFileReference; fileEncoding = 4; lastKnownFileType = sourcecode.c.h; path = ListEditedAccept.h; sourceTree = "<group>"; };
		79207517176CF2C500C6F1D2 /* ListEditedAccept.m */ = {isa = PBXFileReference; fileEncoding = 4; lastKnownFileType = sourcecode.c.objc; path = ListEditedAccept.m; sourceTree = "<group>"; };
		79207519176CF45D00C6F1D2 /* ListEditedInfo.h */ = {isa = PBXFileReference; fileEncoding = 4; lastKnownFileType = sourcecode.c.h; path = ListEditedInfo.h; sourceTree = "<group>"; };
		7920751A176CF45D00C6F1D2 /* ListEditedInfo.m */ = {isa = PBXFileReference; fileEncoding = 4; lastKnownFileType = sourcecode.c.objc; path = ListEditedInfo.m; sourceTree = "<group>"; };
		7920751C176DA83D00C6F1D2 /* ListDeletedInfo.h */ = {isa = PBXFileReference; fileEncoding = 4; lastKnownFileType = sourcecode.c.h; path = ListDeletedInfo.h; sourceTree = "<group>"; };
		7920751D176DA83D00C6F1D2 /* ListDeletedInfo.m */ = {isa = PBXFileReference; fileEncoding = 4; lastKnownFileType = sourcecode.c.objc; path = ListDeletedInfo.m; sourceTree = "<group>"; };
		7920751F176DAAA800C6F1D2 /* ListDeletedAccept.h */ = {isa = PBXFileReference; fileEncoding = 4; lastKnownFileType = sourcecode.c.h; path = ListDeletedAccept.h; sourceTree = "<group>"; };
		79207520176DAAA900C6F1D2 /* ListDeletedAccept.m */ = {isa = PBXFileReference; fileEncoding = 4; lastKnownFileType = sourcecode.c.objc; path = ListDeletedAccept.m; sourceTree = "<group>"; };
		79207522176DD83400C6F1D2 /* EntryCreatedInfo.h */ = {isa = PBXFileReference; fileEncoding = 4; lastKnownFileType = sourcecode.c.h; path = EntryCreatedInfo.h; sourceTree = "<group>"; };
		79207523176DD83400C6F1D2 /* EntryCreatedInfo.m */ = {isa = PBXFileReference; fileEncoding = 4; lastKnownFileType = sourcecode.c.objc; path = EntryCreatedInfo.m; sourceTree = "<group>"; };
		79207525176DDF5100C6F1D2 /* EntryCreatedAccept.h */ = {isa = PBXFileReference; fileEncoding = 4; lastKnownFileType = sourcecode.c.h; path = EntryCreatedAccept.h; sourceTree = "<group>"; };
		79207526176DDF5100C6F1D2 /* EntryCreatedAccept.m */ = {isa = PBXFileReference; fileEncoding = 4; lastKnownFileType = sourcecode.c.objc; path = EntryCreatedAccept.m; sourceTree = "<group>"; };
		79207528176DF07500C6F1D2 /* EntryEditedInfo.h */ = {isa = PBXFileReference; fileEncoding = 4; lastKnownFileType = sourcecode.c.h; path = EntryEditedInfo.h; sourceTree = "<group>"; };
		79207529176DF07600C6F1D2 /* EntryEditedInfo.m */ = {isa = PBXFileReference; fileEncoding = 4; lastKnownFileType = sourcecode.c.objc; path = EntryEditedInfo.m; sourceTree = "<group>"; };
		7920752B176DF34200C6F1D2 /* EntryEditedAccept.h */ = {isa = PBXFileReference; fileEncoding = 4; lastKnownFileType = sourcecode.c.h; path = EntryEditedAccept.h; sourceTree = "<group>"; };
		7920752C176DF34200C6F1D2 /* EntryEditedAccept.m */ = {isa = PBXFileReference; fileEncoding = 4; lastKnownFileType = sourcecode.c.objc; path = EntryEditedAccept.m; sourceTree = "<group>"; };
		7972141117212C7300D63C38 /* libiconv.dylib */ = {isa = PBXFileReference; lastKnownFileType = "compiled.mach-o.dylib"; name = libiconv.dylib; path = usr/lib/libiconv.dylib; sourceTree = SDKROOT; };
		79768E89171AD42800F5DDA1 /* Mobilist.app */ = {isa = PBXFileReference; explicitFileType = wrapper.application; includeInIndex = 0; path = Mobilist.app; sourceTree = BUILT_PRODUCTS_DIR; };
		79768E8C171AD42800F5DDA1 /* UIKit.framework */ = {isa = PBXFileReference; lastKnownFileType = wrapper.framework; name = UIKit.framework; path = System/Library/Frameworks/UIKit.framework; sourceTree = SDKROOT; };
		79768E8E171AD42800F5DDA1 /* Foundation.framework */ = {isa = PBXFileReference; lastKnownFileType = wrapper.framework; name = Foundation.framework; path = System/Library/Frameworks/Foundation.framework; sourceTree = SDKROOT; };
		79768E90171AD42800F5DDA1 /* CoreGraphics.framework */ = {isa = PBXFileReference; lastKnownFileType = wrapper.framework; name = CoreGraphics.framework; path = System/Library/Frameworks/CoreGraphics.framework; sourceTree = SDKROOT; };
		79768E94171AD42800F5DDA1 /* Mobilist_iOS-Info.plist */ = {isa = PBXFileReference; lastKnownFileType = text.plist.xml; path = "Mobilist_iOS-Info.plist"; sourceTree = "<group>"; };
		79768E96171AD42800F5DDA1 /* en */ = {isa = PBXFileReference; lastKnownFileType = text.plist.strings; name = en; path = en.lproj/InfoPlist.strings; sourceTree = "<group>"; };
		79768E98171AD42800F5DDA1 /* main.m */ = {isa = PBXFileReference; lastKnownFileType = sourcecode.c.objc; path = main.m; sourceTree = "<group>"; };
		79768E9A171AD42800F5DDA1 /* Mobilist_iOS-Prefix.pch */ = {isa = PBXFileReference; lastKnownFileType = sourcecode.c.h; path = "Mobilist_iOS-Prefix.pch"; sourceTree = "<group>"; };
		79768E9B171AD42800F5DDA1 /* MobiAppDelegate.h */ = {isa = PBXFileReference; lastKnownFileType = sourcecode.c.h; path = MobiAppDelegate.h; sourceTree = "<group>"; };
		79768E9C171AD42800F5DDA1 /* MobiAppDelegate.m */ = {isa = PBXFileReference; lastKnownFileType = sourcecode.c.objc; path = MobiAppDelegate.m; sourceTree = "<group>"; };
		79768E9E171AD42800F5DDA1 /* Default.png */ = {isa = PBXFileReference; lastKnownFileType = image.png; path = Default.png; sourceTree = "<group>"; };
		79768EA0171AD42800F5DDA1 /* Default@2x.png */ = {isa = PBXFileReference; lastKnownFileType = image.png; path = "Default@2x.png"; sourceTree = "<group>"; };
		79768EA2171AD42800F5DDA1 /* Default-568h@2x.png */ = {isa = PBXFileReference; lastKnownFileType = image.png; path = "Default-568h@2x.png"; sourceTree = "<group>"; };
		798D5FBB17CCAC0000B27757 /* SystemConfiguration.framework */ = {isa = PBXFileReference; lastKnownFileType = wrapper.framework; name = SystemConfiguration.framework; path = System/Library/Frameworks/SystemConfiguration.framework; sourceTree = SDKROOT; };
		7999F6A6171D658E00B74031 /* Button.png */ = {isa = PBXFileReference; lastKnownFileType = image.png; path = Button.png; sourceTree = "<group>"; };
		7999F6A7171D658E00B74031 /* Button@2x.png */ = {isa = PBXFileReference; lastKnownFileType = image.png; path = "Button@2x.png"; sourceTree = "<group>"; };
		7999F6A8171D658E00B74031 /* ButtonHighlighted.png */ = {isa = PBXFileReference; lastKnownFileType = image.png; path = ButtonHighlighted.png; sourceTree = "<group>"; };
		7999F6A9171D658E00B74031 /* ButtonHighlighted@2x.png */ = {isa = PBXFileReference; lastKnownFileType = image.png; path = "ButtonHighlighted@2x.png"; sourceTree = "<group>"; };
		7999F6B1171D72FF00B74031 /* light_toast.png */ = {isa = PBXFileReference; lastKnownFileType = image.png; path = light_toast.png; sourceTree = "<group>"; };
		7999F6B3171D7DDA00B74031 /* add.png */ = {isa = PBXFileReference; lastKnownFileType = image.png; path = add.png; sourceTree = "<group>"; };
		7999F6B4171D7DDA00B74031 /* settings.png */ = {isa = PBXFileReference; lastKnownFileType = image.png; path = settings.png; sourceTree = "<group>"; };
		7999F6B7171D84BE00B74031 /* XMPPSettingsViewController.h */ = {isa = PBXFileReference; fileEncoding = 4; lastKnownFileType = sourcecode.c.h; path = XMPPSettingsViewController.h; sourceTree = "<group>"; };
		7999F6B8171D84BE00B74031 /* XMPPSettingsViewController.m */ = {isa = PBXFileReference; fileEncoding = 4; lastKnownFileType = sourcecode.c.objc; path = XMPPSettingsViewController.m; sourceTree = "<group>"; };
		7999F6B9171D84BE00B74031 /* XMPPSettingsViewController.xib */ = {isa = PBXFileReference; fileEncoding = 4; lastKnownFileType = file.xib; path = XMPPSettingsViewController.xib; sourceTree = "<group>"; };
		7999F6BC171D86CC00B74031 /* ListDetailViewController.h */ = {isa = PBXFileReference; fileEncoding = 4; lastKnownFileType = sourcecode.c.h; path = ListDetailViewController.h; sourceTree = "<group>"; };
		7999F6BD171D86CC00B74031 /* ListDetailViewController.m */ = {isa = PBXFileReference; fileEncoding = 4; lastKnownFileType = sourcecode.c.objc; path = ListDetailViewController.m; sourceTree = "<group>"; };
		7999F6BE171D86CD00B74031 /* ListDetailViewController.xib */ = {isa = PBXFileReference; fileEncoding = 4; lastKnownFileType = file.xib; path = ListDetailViewController.xib; sourceTree = "<group>"; };
		7999F6C3171DAB3A00B74031 /* TodoListEntryCell.h */ = {isa = PBXFileReference; fileEncoding = 4; lastKnownFileType = sourcecode.c.h; path = TodoListEntryCell.h; sourceTree = "<group>"; };
		7999F6C4171DAB3A00B74031 /* TodoListEntryCell.m */ = {isa = PBXFileReference; fileEncoding = 4; lastKnownFileType = sourcecode.c.objc; path = TodoListEntryCell.m; sourceTree = "<group>"; };
		7999F6C6171DAB5F00B74031 /* TodoListEntryCell.xib */ = {isa = PBXFileReference; fileEncoding = 4; lastKnownFileType = file.xib; path = TodoListEntryCell.xib; sourceTree = "<group>"; };
		79A4DD7A1755085900E6BDE4 /* libMXi.a */ = {isa = PBXFileReference; lastKnownFileType = archive.ar; name = libMXi.a; path = "../../mobilis/MXi/build/Release-iphoneos/libMXi.a"; sourceTree = "<group>"; };
		79A4DD89175A599F00E6BDE4 /* SyncRequest.h */ = {isa = PBXFileReference; fileEncoding = 4; lastKnownFileType = sourcecode.c.h; path = SyncRequest.h; sourceTree = "<group>"; };
		79A4DD8A175A599F00E6BDE4 /* SyncRequest.m */ = {isa = PBXFileReference; fileEncoding = 4; lastKnownFileType = sourcecode.c.objc; path = SyncRequest.m; sourceTree = "<group>"; };
		79A4DD9B175A800000E6BDE4 /* GetListRequest.h */ = {isa = PBXFileReference; fileEncoding = 4; lastKnownFileType = sourcecode.c.h; path = GetListRequest.h; sourceTree = "<group>"; };
		79A4DD9C175A800000E6BDE4 /* GetListRequest.m */ = {isa = PBXFileReference; fileEncoding = 4; lastKnownFileType = sourcecode.c.objc; path = GetListRequest.m; sourceTree = "<group>"; };
		79A4DD9E175B99A400E6BDE4 /* SyncResponse.h */ = {isa = PBXFileReference; fileEncoding = 4; lastKnownFileType = sourcecode.c.h; path = SyncResponse.h; sourceTree = "<group>"; };
		79A4DD9F175B99A400E6BDE4 /* SyncResponse.m */ = {isa = PBXFileReference; fileEncoding = 4; lastKnownFileType = sourcecode.c.objc; path = SyncResponse.m; sourceTree = "<group>"; };
		79A4DDAC175CF84D00E6BDE4 /* ListsSyncFromService.h */ = {isa = PBXFileReference; fileEncoding = 4; lastKnownFileType = sourcecode.c.h; path = ListsSyncFromService.h; sourceTree = "<group>"; };
		79A4DDAD175CF84D00E6BDE4 /* ListsSyncFromService.m */ = {isa = PBXFileReference; fileEncoding = 4; lastKnownFileType = sourcecode.c.objc; path = ListsSyncFromService.m; sourceTree = "<group>"; };
		79A4DDAF175CFA0100E6BDE4 /* ListSyncFromService.h */ = {isa = PBXFileReference; fileEncoding = 4; lastKnownFileType = sourcecode.c.h; path = ListSyncFromService.h; sourceTree = "<group>"; };
		79A4DDB0175CFA0100E6BDE4 /* ListSyncFromService.m */ = {isa = PBXFileReference; fileEncoding = 4; lastKnownFileType = sourcecode.c.objc; path = ListSyncFromService.m; sourceTree = "<group>"; };
		79A4DDB2175D2CB500E6BDE4 /* GetListResponse.h */ = {isa = PBXFileReference; fileEncoding = 4; lastKnownFileType = sourcecode.c.h; path = GetListResponse.h; sourceTree = "<group>"; };
		79A4DDB3175D2CB500E6BDE4 /* GetListResponse.m */ = {isa = PBXFileReference; fileEncoding = 4; lastKnownFileType = sourcecode.c.objc; path = GetListResponse.m; sourceTree = "<group>"; };
		79A4DDC1175F9D4A00E6BDE4 /* NSString+XMLDecoding.h */ = {isa = PBXFileReference; fileEncoding = 4; lastKnownFileType = sourcecode.c.h; path = "NSString+XMLDecoding.h"; sourceTree = "<group>"; };
		79A4DDC2175F9D4A00E6BDE4 /* NSString+XMLDecoding.m */ = {isa = PBXFileReference; fileEncoding = 4; lastKnownFileType = sourcecode.c.objc; path = "NSString+XMLDecoding.m"; sourceTree = "<group>"; };
		79A4DDC4175FC2AD00E6BDE4 /* CreateListRequest.h */ = {isa = PBXFileReference; fileEncoding = 4; lastKnownFileType = sourcecode.c.h; path = CreateListRequest.h; sourceTree = "<group>"; };
		79A4DDC5175FC2AD00E6BDE4 /* CreateListRequest.m */ = {isa = PBXFileReference; fileEncoding = 4; lastKnownFileType = sourcecode.c.objc; path = CreateListRequest.m; sourceTree = "<group>"; };
		79A4DDC71761B82000E6BDE4 /* UUIDCreator.h */ = {isa = PBXFileReference; fileEncoding = 4; lastKnownFileType = sourcecode.c.h; path = UUIDCreator.h; sourceTree = "<group>"; };
		79A4DDC81761B82000E6BDE4 /* UUIDCreator.m */ = {isa = PBXFileReference; fileEncoding = 4; lastKnownFileType = sourcecode.c.objc; path = UUIDCreator.m; sourceTree = "<group>"; };
		79A4DDCA176317E900E6BDE4 /* CreateListResponse.h */ = {isa = PBXFileReference; fileEncoding = 4; lastKnownFileType = sourcecode.c.h; path = CreateListResponse.h; sourceTree = "<group>"; };
		79A4DDCB176317EA00E6BDE4 /* CreateListResponse.m */ = {isa = PBXFileReference; fileEncoding = 4; lastKnownFileType = sourcecode.c.objc; path = CreateListResponse.m; sourceTree = "<group>"; };
		79A4DDCD176326EA00E6BDE4 /* Constants.h */ = {isa = PBXFileReference; fileEncoding = 4; lastKnownFileType = sourcecode.c.h; path = Constants.h; sourceTree = "<group>"; };
		79A4DDCE176326EB00E6BDE4 /* Constants.m */ = {isa = PBXFileReference; fileEncoding = 4; lastKnownFileType = sourcecode.c.objc; path = Constants.m; sourceTree = "<group>"; };
		79AE3B841735AF1C000A5CA8 /* mobilist-icon.png */ = {isa = PBXFileReference; lastKnownFileType = image.png; name = "mobilist-icon.png"; path = "../mobilist-icon.png"; sourceTree = "<group>"; };
		79AE3B861735AF22000A5CA8 /* mobilist-icon@2x.png */ = {isa = PBXFileReference; lastKnownFileType = image.png; name = "mobilist-icon@2x.png"; path = "../mobilist-icon@2x.png"; sourceTree = "<group>"; };
		79B293F3176E05840059E65A /* EntryDeletedInfo.h */ = {isa = PBXFileReference; fileEncoding = 4; lastKnownFileType = sourcecode.c.h; path = EntryDeletedInfo.h; sourceTree = "<group>"; };
		79B293F4176E05840059E65A /* EntryDeletedInfo.m */ = {isa = PBXFileReference; fileEncoding = 4; lastKnownFileType = sourcecode.c.objc; path = EntryDeletedInfo.m; sourceTree = "<group>"; };
		79B293F6176E0AC10059E65A /* EntryDeletedAccept.h */ = {isa = PBXFileReference; fileEncoding = 4; lastKnownFileType = sourcecode.c.h; path = EntryDeletedAccept.h; sourceTree = "<group>"; };
		79B293F7176E0AC10059E65A /* EntryDeletedAccept.m */ = {isa = PBXFileReference; fileEncoding = 4; lastKnownFileType = sourcecode.c.objc; path = EntryDeletedAccept.m; sourceTree = "<group>"; };
		79BA8D341726C73B007FB4B3 /* TodoListCell~iphone.xib */ = {isa = PBXFileReference; fileEncoding = 4; lastKnownFileType = file.xib; path = "TodoListCell~iphone.xib"; sourceTree = "<group>"; };
		79BA8D361726C784007FB4B3 /* TodoListCell.h */ = {isa = PBXFileReference; fileEncoding = 4; lastKnownFileType = sourcecode.c.h; path = TodoListCell.h; sourceTree = "<group>"; };
		79BA8D371726C784007FB4B3 /* TodoListCell.m */ = {isa = PBXFileReference; fileEncoding = 4; lastKnownFileType = sourcecode.c.objc; path = TodoListCell.m; sourceTree = "<group>"; };
		79BA8D3917290423007FB4B3 /* TodoListViewController.h */ = {isa = PBXFileReference; fileEncoding = 4; lastKnownFileType = sourcecode.c.h; path = TodoListViewController.h; sourceTree = "<group>"; };
		79BA8D3A17290423007FB4B3 /* TodoListViewController.m */ = {isa = PBXFileReference; fileEncoding = 4; lastKnownFileType = sourcecode.c.objc; path = TodoListViewController.m; sourceTree = "<group>"; };
		79BA8D3C172AF3D2007FB4B3 /* EntryDetailViewController.h */ = {isa = PBXFileReference; fileEncoding = 4; lastKnownFileType = sourcecode.c.h; path = EntryDetailViewController.h; sourceTree = "<group>"; };
		79BA8D3D172AF3D2007FB4B3 /* EntryDetailViewController.m */ = {isa = PBXFileReference; fileEncoding = 4; lastKnownFileType = sourcecode.c.objc; path = EntryDetailViewController.m; sourceTree = "<group>"; };
		79BA8D3E172AF3D2007FB4B3 /* EntryDetailViewController.xib */ = {isa = PBXFileReference; fileEncoding = 4; lastKnownFileType = file.xib; path = EntryDetailViewController.xib; sourceTree = "<group>"; };
		79BA8D45172B17B0007FB4B3 /* text_view_background.png */ = {isa = PBXFileReference; lastKnownFileType = image.png; path = text_view_background.png; sourceTree = "<group>"; };
		79BA8D46172B17B0007FB4B3 /* text_view_background@2x.png */ = {isa = PBXFileReference; lastKnownFileType = image.png; path = "text_view_background@2x.png"; sourceTree = "<group>"; };
		79C7AB8E1763CD7C00AE4880 /* DeleteListRequest.h */ = {isa = PBXFileReference; fileEncoding = 4; lastKnownFileType = sourcecode.c.h; path = DeleteListRequest.h; sourceTree = "<group>"; };
		79C7AB8F1763CD7C00AE4880 /* DeleteListRequest.m */ = {isa = PBXFileReference; fileEncoding = 4; lastKnownFileType = sourcecode.c.objc; path = DeleteListRequest.m; sourceTree = "<group>"; };
		79C7AB911763CE7D00AE4880 /* DeleteListResponse.h */ = {isa = PBXFileReference; fileEncoding = 4; lastKnownFileType = sourcecode.c.h; path = DeleteListResponse.h; sourceTree = "<group>"; };
		79C7AB921763CE7D00AE4880 /* DeleteListResponse.m */ = {isa = PBXFileReference; fileEncoding = 4; lastKnownFileType = sourcecode.c.objc; path = DeleteListResponse.m; sourceTree = "<group>"; };
		79C7AB961764856000AE4880 /* EditListRequest.h */ = {isa = PBXFileReference; fileEncoding = 4; lastKnownFileType = sourcecode.c.h; path = EditListRequest.h; sourceTree = "<group>"; };
		79C7AB971764856000AE4880 /* EditListRequest.m */ = {isa = PBXFileReference; fileEncoding = 4; lastKnownFileType = sourcecode.c.objc; path = EditListRequest.m; sourceTree = "<group>"; };
		79C7AB991764875C00AE4880 /* EditListResponse.h */ = {isa = PBXFileReference; fileEncoding = 4; lastKnownFileType = sourcecode.c.h; path = EditListResponse.h; sourceTree = "<group>"; };
		79C7AB9A1764875C00AE4880 /* EditListResponse.m */ = {isa = PBXFileReference; fileEncoding = 4; lastKnownFileType = sourcecode.c.objc; path = EditListResponse.m; sourceTree = "<group>"; };
		79C7AB9C17662E8100AE4880 /* CreateEntryRequest.h */ = {isa = PBXFileReference; fileEncoding = 4; lastKnownFileType = sourcecode.c.h; path = CreateEntryRequest.h; sourceTree = "<group>"; };
		79C7AB9D17662E8200AE4880 /* CreateEntryRequest.m */ = {isa = PBXFileReference; fileEncoding = 4; lastKnownFileType = sourcecode.c.objc; path = CreateEntryRequest.m; sourceTree = "<group>"; };
		79C7AB9F176632E600AE4880 /* CreateEntryResponse.h */ = {isa = PBXFileReference; fileEncoding = 4; lastKnownFileType = sourcecode.c.h; path = CreateEntryResponse.h; sourceTree = "<group>"; };
		79C7ABA0176632E600AE4880 /* CreateEntryResponse.m */ = {isa = PBXFileReference; fileEncoding = 4; lastKnownFileType = sourcecode.c.objc; path = CreateEntryResponse.m; sourceTree = "<group>"; };
		79C7ABA21766F4BD00AE4880 /* checked.png */ = {isa = PBXFileReference; lastKnownFileType = image.png; path = checked.png; sourceTree = "<group>"; };
		79C7ABA31766F4BD00AE4880 /* not-checked.png */ = {isa = PBXFileReference; lastKnownFileType = image.png; path = "not-checked.png"; sourceTree = "<group>"; };
		79C7ABA61767380800AE4880 /* EditEntryRequest.h */ = {isa = PBXFileReference; fileEncoding = 4; lastKnownFileType = sourcecode.c.h; path = EditEntryRequest.h; sourceTree = "<group>"; };
		79C7ABA71767380800AE4880 /* EditEntryRequest.m */ = {isa = PBXFileReference; fileEncoding = 4; lastKnownFileType = sourcecode.c.objc; path = EditEntryRequest.m; sourceTree = "<group>"; };
		79C7ABA917673A2500AE4880 /* EditEntryResponse.h */ = {isa = PBXFileReference; fileEncoding = 4; lastKnownFileType = sourcecode.c.h; path = EditEntryResponse.h; sourceTree = "<group>"; };
		79C7ABAA17673A2600AE4880 /* EditEntryResponse.m */ = {isa = PBXFileReference; fileEncoding = 4; lastKnownFileType = sourcecode.c.objc; path = EditEntryResponse.m; sourceTree = "<group>"; };
		79C7ABAC1767A99200AE4880 /* DeleteEntryRequest.h */ = {isa = PBXFileReference; fileEncoding = 4; lastKnownFileType = sourcecode.c.h; path = DeleteEntryRequest.h; sourceTree = "<group>"; };
		79C7ABAD1767A99300AE4880 /* DeleteEntryRequest.m */ = {isa = PBXFileReference; fileEncoding = 4; lastKnownFileType = sourcecode.c.objc; path = DeleteEntryRequest.m; sourceTree = "<group>"; };
		79C7ABAF1767AC3000AE4880 /* DeleteEntryResponse.h */ = {isa = PBXFileReference; fileEncoding = 4; lastKnownFileType = sourcecode.c.h; path = DeleteEntryResponse.h; sourceTree = "<group>"; };
		79C7ABB01767AC3100AE4880 /* DeleteEntryResponse.m */ = {isa = PBXFileReference; fileEncoding = 4; lastKnownFileType = sourcecode.c.objc; path = DeleteEntryResponse.m; sourceTree = "<group>"; };
		79E7273217266958003DC9F2 /* libMXi.a */ = {isa = PBXFileReference; lastKnownFileType = archive.ar; name = libMXi.a; path = "../MXi/build/Release-iphoneos/libMXi.a"; sourceTree = "<group>"; };
		79FF6A7D171D3C2F00A3202F /* bit-tile-blue.gif */ = {isa = PBXFileReference; lastKnownFileType = image.gif; path = "bit-tile-blue.gif"; sourceTree = "<group>"; };
		79FF6A84171D3E3000A3202F /* DashboardViewController.h */ = {isa = PBXFileReference; fileEncoding = 4; lastKnownFileType = sourcecode.c.h; path = DashboardViewController.h; sourceTree = "<group>"; };
		79FF6A85171D3E3000A3202F /* DashboardViewController.m */ = {isa = PBXFileReference; fileEncoding = 4; lastKnownFileType = sourcecode.c.objc; path = DashboardViewController.m; sourceTree = "<group>"; };
		79FF6A86171D3E3000A3202F /* DashboardViewController.xib */ = {isa = PBXFileReference; fileEncoding = 4; lastKnownFileType = file.xib; path = DashboardViewController.xib; sourceTree = "<group>"; };
		EE60EE39ACC5406184AF3F8B /* Pods.xcconfig */ = {isa = PBXFileReference; includeInIndex = 1; lastKnownFileType = text.xcconfig; name = Pods.xcconfig; path = Pods/Pods.xcconfig; sourceTree = "<group>"; };
/* End PBXFileReference section */

/* Begin PBXFrameworksBuildPhase section */
		79768E86171AD42800F5DDA1 /* Frameworks */ = {
			isa = PBXFrameworksBuildPhase;
			buildActionMask = 2147483647;
			files = (
				798D5FBC17CCAC0000B27757 /* SystemConfiguration.framework in Frameworks */,
				79A4DD7B1755085900E6BDE4 /* libMXi.a in Frameworks */,
				7972141217212C7300D63C38 /* libiconv.dylib in Frameworks */,
				7915201D1720524100AB33F0 /* libresolv.dylib in Frameworks */,
				7915201B1720523100AB33F0 /* CFNetwork.framework in Frameworks */,
				791520191720522D00AB33F0 /* Security.framework in Frameworks */,
				791520171720521F00AB33F0 /* libxml2.dylib in Frameworks */,
				79768E8D171AD42800F5DDA1 /* UIKit.framework in Frameworks */,
				79768E8F171AD42800F5DDA1 /* Foundation.framework in Frameworks */,
				79768E91171AD42800F5DDA1 /* CoreGraphics.framework in Frameworks */,
				41241986D3344BFEA2EB3FE1 /* libPods.a in Frameworks */,
			);
			runOnlyForDeploymentPostprocessing = 0;
		};
/* End PBXFrameworksBuildPhase section */

/* Begin PBXGroup section */
		79768E80171AD42800F5DDA1 = {
			isa = PBXGroup;
			children = (
				79A4DD7A1755085900E6BDE4 /* libMXi.a */,
				79768E92171AD42800F5DDA1 /* Mobilist_iOS */,
				79768E8B171AD42800F5DDA1 /* Frameworks */,
				79768E8A171AD42800F5DDA1 /* Products */,
				EE60EE39ACC5406184AF3F8B /* Pods.xcconfig */,
			);
			sourceTree = "<group>";
		};
		79768E8A171AD42800F5DDA1 /* Products */ = {
			isa = PBXGroup;
			children = (
				79768E89171AD42800F5DDA1 /* Mobilist.app */,
			);
			name = Products;
			sourceTree = "<group>";
		};
		79768E8B171AD42800F5DDA1 /* Frameworks */ = {
			isa = PBXGroup;
			children = (
				798D5FBB17CCAC0000B27757 /* SystemConfiguration.framework */,
				79E7273217266958003DC9F2 /* libMXi.a */,
				7972141117212C7300D63C38 /* libiconv.dylib */,
				7915201C1720524100AB33F0 /* libresolv.dylib */,
				7915201A1720523100AB33F0 /* CFNetwork.framework */,
				791520181720522D00AB33F0 /* Security.framework */,
				791520161720521F00AB33F0 /* libxml2.dylib */,
				79768E8C171AD42800F5DDA1 /* UIKit.framework */,
				79768E8E171AD42800F5DDA1 /* Foundation.framework */,
				79768E90171AD42800F5DDA1 /* CoreGraphics.framework */,
				1D3C8B1E58D0460DAA5FF037 /* libPods.a */,
			);
			name = Frameworks;
			sourceTree = "<group>";
		};
		79768E92171AD42800F5DDA1 /* Mobilist_iOS */ = {
			isa = PBXGroup;
			children = (
				79FF6A79171C411300A3202F /* Model */,
				79FF6A78171C410A00A3202F /* Controller */,
				79FF6A77171C410200A3202F /* View */,
				79768E93171AD42800F5DDA1 /* Supporting Files */,
			);
			path = Mobilist_iOS;
			sourceTree = "<group>";
		};
		79768E93171AD42800F5DDA1 /* Supporting Files */ = {
			isa = PBXGroup;
			children = (
				7999F6A5171D657500B74031 /* Images */,
				79768E94171AD42800F5DDA1 /* Mobilist_iOS-Info.plist */,
				79768E95171AD42800F5DDA1 /* InfoPlist.strings */,
				79768E98171AD42800F5DDA1 /* main.m */,
				79768E9A171AD42800F5DDA1 /* Mobilist_iOS-Prefix.pch */,
			);
			name = "Supporting Files";
			sourceTree = "<group>";
		};
		7999F6A5171D657500B74031 /* Images */ = {
			isa = PBXGroup;
			children = (
				79C7ABA21766F4BD00AE4880 /* checked.png */,
				79C7ABA31766F4BD00AE4880 /* not-checked.png */,
				79AE3B861735AF22000A5CA8 /* mobilist-icon@2x.png */,
				79AE3B841735AF1C000A5CA8 /* mobilist-icon.png */,
				79BA8D45172B17B0007FB4B3 /* text_view_background.png */,
				79BA8D46172B17B0007FB4B3 /* text_view_background@2x.png */,
				7999F6B3171D7DDA00B74031 /* add.png */,
				7999F6B4171D7DDA00B74031 /* settings.png */,
				7999F6B1171D72FF00B74031 /* light_toast.png */,
				79768E9E171AD42800F5DDA1 /* Default.png */,
				79768EA0171AD42800F5DDA1 /* Default@2x.png */,
				79768EA2171AD42800F5DDA1 /* Default-568h@2x.png */,
				7999F6A6171D658E00B74031 /* Button.png */,
				7999F6A7171D658E00B74031 /* Button@2x.png */,
				7999F6A8171D658E00B74031 /* ButtonHighlighted.png */,
				7999F6A9171D658E00B74031 /* ButtonHighlighted@2x.png */,
				79FF6A7D171D3C2F00A3202F /* bit-tile-blue.gif */,
			);
			name = Images;
			sourceTree = "<group>";
		};
		79A4DD88175A597400E6BDE4 /* Beans */ = {
			isa = PBXGroup;
			children = (
				79A4DDAB175CF79100E6BDE4 /* Outgoing */,
				79A4DDAA175CF78200E6BDE4 /* Incoming */,
			);
			name = Beans;
			sourceTree = "<group>";
		};
		79A4DDAA175CF78200E6BDE4 /* Incoming */ = {
			isa = PBXGroup;
			children = (
				79A4DD9E175B99A400E6BDE4 /* SyncResponse.h */,
				79A4DD9F175B99A400E6BDE4 /* SyncResponse.m */,
				79A4DDAC175CF84D00E6BDE4 /* ListsSyncFromService.h */,
				79A4DDAD175CF84D00E6BDE4 /* ListsSyncFromService.m */,
				79A4DDAF175CFA0100E6BDE4 /* ListSyncFromService.h */,
				79A4DDB0175CFA0100E6BDE4 /* ListSyncFromService.m */,
				79A4DDB2175D2CB500E6BDE4 /* GetListResponse.h */,
				79A4DDB3175D2CB500E6BDE4 /* GetListResponse.m */,
				79A4DDCA176317E900E6BDE4 /* CreateListResponse.h */,
				79A4DDCB176317EA00E6BDE4 /* CreateListResponse.m */,
				79C7AB911763CE7D00AE4880 /* DeleteListResponse.h */,
				79C7AB921763CE7D00AE4880 /* DeleteListResponse.m */,
				79C7AB991764875C00AE4880 /* EditListResponse.h */,
				79C7AB9A1764875C00AE4880 /* EditListResponse.m */,
				79C7AB9F176632E600AE4880 /* CreateEntryResponse.h */,
				79C7ABA0176632E600AE4880 /* CreateEntryResponse.m */,
				79C7ABA917673A2500AE4880 /* EditEntryResponse.h */,
				79C7ABAA17673A2600AE4880 /* EditEntryResponse.m */,
				79C7ABAF1767AC3000AE4880 /* DeleteEntryResponse.h */,
				79C7ABB01767AC3100AE4880 /* DeleteEntryResponse.m */,
				79207513176CB05000C6F1D2 /* ListCreatedInfo.h */,
				79207514176CB05000C6F1D2 /* ListCreatedInfo.m */,
				79207519176CF45D00C6F1D2 /* ListEditedInfo.h */,
				7920751A176CF45D00C6F1D2 /* ListEditedInfo.m */,
				7920751C176DA83D00C6F1D2 /* ListDeletedInfo.h */,
				7920751D176DA83D00C6F1D2 /* ListDeletedInfo.m */,
				79207522176DD83400C6F1D2 /* EntryCreatedInfo.h */,
				79207523176DD83400C6F1D2 /* EntryCreatedInfo.m */,
				79207528176DF07500C6F1D2 /* EntryEditedInfo.h */,
				79207529176DF07600C6F1D2 /* EntryEditedInfo.m */,
				79B293F3176E05840059E65A /* EntryDeletedInfo.h */,
				79B293F4176E05840059E65A /* EntryDeletedInfo.m */,
			);
			name = Incoming;
			sourceTree = "<group>";
		};
		79A4DDAB175CF79100E6BDE4 /* Outgoing */ = {
			isa = PBXGroup;
			children = (
				79A4DD89175A599F00E6BDE4 /* SyncRequest.h */,
				79A4DD8A175A599F00E6BDE4 /* SyncRequest.m */,
				79A4DD9B175A800000E6BDE4 /* GetListRequest.h */,
				79A4DD9C175A800000E6BDE4 /* GetListRequest.m */,
				79A4DDC4175FC2AD00E6BDE4 /* CreateListRequest.h */,
				79A4DDC5175FC2AD00E6BDE4 /* CreateListRequest.m */,
				79C7AB8E1763CD7C00AE4880 /* DeleteListRequest.h */,
				79C7AB8F1763CD7C00AE4880 /* DeleteListRequest.m */,
				79C7AB961764856000AE4880 /* EditListRequest.h */,
				79C7AB971764856000AE4880 /* EditListRequest.m */,
				79C7AB9C17662E8100AE4880 /* CreateEntryRequest.h */,
				79C7AB9D17662E8200AE4880 /* CreateEntryRequest.m */,
				79C7ABA61767380800AE4880 /* EditEntryRequest.h */,
				79C7ABA71767380800AE4880 /* EditEntryRequest.m */,
				79C7ABAC1767A99200AE4880 /* DeleteEntryRequest.h */,
				79C7ABAD1767A99300AE4880 /* DeleteEntryRequest.m */,
				79207510176CAE9E00C6F1D2 /* ListCreatedAccept.h */,
				79207511176CAE9E00C6F1D2 /* ListCreatedAccept.m */,
				79207516176CF2C500C6F1D2 /* ListEditedAccept.h */,
				79207517176CF2C500C6F1D2 /* ListEditedAccept.m */,
				7920751F176DAAA800C6F1D2 /* ListDeletedAccept.h */,
				79207520176DAAA900C6F1D2 /* ListDeletedAccept.m */,
				79207525176DDF5100C6F1D2 /* EntryCreatedAccept.h */,
				79207526176DDF5100C6F1D2 /* EntryCreatedAccept.m */,
				7920752B176DF34200C6F1D2 /* EntryEditedAccept.h */,
				7920752C176DF34200C6F1D2 /* EntryEditedAccept.m */,
				79B293F6176E0AC10059E65A /* EntryDeletedAccept.h */,
				79B293F7176E0AC10059E65A /* EntryDeletedAccept.m */,
			);
			name = Outgoing;
			sourceTree = "<group>";
		};
		79A4DDBD175F9D1200E6BDE4 /* Util */ = {
			isa = PBXGroup;
			children = (
				79A4DDC1175F9D4A00E6BDE4 /* NSString+XMLDecoding.h */,
				79A4DDC2175F9D4A00E6BDE4 /* NSString+XMLDecoding.m */,
				79A4DDC71761B82000E6BDE4 /* UUIDCreator.h */,
				79A4DDC81761B82000E6BDE4 /* UUIDCreator.m */,
			);
			name = Util;
			sourceTree = "<group>";
		};
		79BA8D321726C6AF007FB4B3 /* ListEntry */ = {
			isa = PBXGroup;
			children = (
				79BA8D3E172AF3D2007FB4B3 /* EntryDetailViewController.xib */,
				7999F6C3171DAB3A00B74031 /* TodoListEntryCell.h */,
				7999F6C4171DAB3A00B74031 /* TodoListEntryCell.m */,
				7999F6C6171DAB5F00B74031 /* TodoListEntryCell.xib */,
			);
			name = ListEntry;
			sourceTree = "<group>";
		};
		79BA8D331726C6BD007FB4B3 /* List */ = {
			isa = PBXGroup;
			children = (
				7999F6BE171D86CD00B74031 /* ListDetailViewController.xib */,
				79BA8D341726C73B007FB4B3 /* TodoListCell~iphone.xib */,
				79BA8D361726C784007FB4B3 /* TodoListCell.h */,
				79BA8D371726C784007FB4B3 /* TodoListCell.m */,
			);
			name = List;
			sourceTree = "<group>";
		};
		79FF6A77171C410200A3202F /* View */ = {
			isa = PBXGroup;
			children = (
				79BA8D331726C6BD007FB4B3 /* List */,
				79BA8D321726C6AF007FB4B3 /* ListEntry */,
				7999F6B9171D84BE00B74031 /* XMPPSettingsViewController.xib */,
				79FF6A86171D3E3000A3202F /* DashboardViewController.xib */,
			);
			name = View;
			sourceTree = "<group>";
		};
		79FF6A78171C410A00A3202F /* Controller */ = {
			isa = PBXGroup;
			children = (
				79768E9B171AD42800F5DDA1 /* MobiAppDelegate.h */,
				79768E9C171AD42800F5DDA1 /* MobiAppDelegate.m */,
				79FF6A84171D3E3000A3202F /* DashboardViewController.h */,
				79FF6A85171D3E3000A3202F /* DashboardViewController.m */,
				79BA8D3917290423007FB4B3 /* TodoListViewController.h */,
				79BA8D3A17290423007FB4B3 /* TodoListViewController.m */,
				7999F6B7171D84BE00B74031 /* XMPPSettingsViewController.h */,
				7999F6B8171D84BE00B74031 /* XMPPSettingsViewController.m */,
				7999F6BC171D86CC00B74031 /* ListDetailViewController.h */,
				7999F6BD171D86CC00B74031 /* ListDetailViewController.m */,
				79BA8D3C172AF3D2007FB4B3 /* EntryDetailViewController.h */,
				79BA8D3D172AF3D2007FB4B3 /* EntryDetailViewController.m */,
			);
			name = Controller;
			sourceTree = "<group>";
		};
		79FF6A79171C411300A3202F /* Model */ = {
			isa = PBXGroup;
			children = (
				79A4DDBD175F9D1200E6BDE4 /* Util */,
				79A4DD88175A597400E6BDE4 /* Beans */,
				7915200D17203EE100AB33F0 /* MobiListEntry.h */,
				7915200E17203EE100AB33F0 /* MobiListEntry.m */,
				79152010172040D400AB33F0 /* MobiList.h */,
				79152011172040D400AB33F0 /* MobiList.m */,
				79152013172047E900AB33F0 /* MobiListStore.h */,
				79152014172047E900AB33F0 /* MobiListStore.m */,
				79A4DDCD176326EA00E6BDE4 /* Constants.h */,
				79A4DDCE176326EB00E6BDE4 /* Constants.m */,
			);
			name = Model;
			sourceTree = "<group>";
		};
/* End PBXGroup section */

/* Begin PBXNativeTarget section */
		79768E88171AD42800F5DDA1 /* Mobilist */ = {
			isa = PBXNativeTarget;
			buildConfigurationList = 79768EA6171AD42800F5DDA1 /* Build configuration list for PBXNativeTarget "Mobilist" */;
			buildPhases = (
				933F543CD1DE4CD5AB5730F2 /* Check Pods Manifest.lock */,
				79768E85171AD42800F5DDA1 /* Sources */,
				79768E86171AD42800F5DDA1 /* Frameworks */,
				79768E87171AD42800F5DDA1 /* Resources */,
				3BF0D3B38317436DBD72DEAE /* Copy Pods Resources */,
			);
			buildRules = (
			);
			dependencies = (
			);
			name = Mobilist;
			productName = Mobilist_iOS;
			productReference = 79768E89171AD42800F5DDA1 /* Mobilist.app */;
			productType = "com.apple.product-type.application";
		};
/* End PBXNativeTarget section */

/* Begin PBXProject section */
		79768E81171AD42800F5DDA1 /* Project object */ = {
			isa = PBXProject;
			attributes = {
				CLASSPREFIX = Mobi;
				LastUpgradeCheck = 0460;
				ORGANIZATIONNAME = "TU Dresden";
			};
			buildConfigurationList = 79768E84171AD42800F5DDA1 /* Build configuration list for PBXProject "Mobilist_iOS" */;
			compatibilityVersion = "Xcode 3.2";
			developmentRegion = English;
			hasScannedForEncodings = 0;
			knownRegions = (
				en,
			);
			mainGroup = 79768E80171AD42800F5DDA1;
			productRefGroup = 79768E8A171AD42800F5DDA1 /* Products */;
			projectDirPath = "";
			projectRoot = "";
			targets = (
				79768E88171AD42800F5DDA1 /* Mobilist */,
			);
		};
/* End PBXProject section */

/* Begin PBXResourcesBuildPhase section */
		79768E87171AD42800F5DDA1 /* Resources */ = {
			isa = PBXResourcesBuildPhase;
			buildActionMask = 2147483647;
			files = (
				79768E97171AD42800F5DDA1 /* InfoPlist.strings in Resources */,
				79768E9F171AD42800F5DDA1 /* Default.png in Resources */,
				79768EA1171AD42800F5DDA1 /* Default@2x.png in Resources */,
				79768EA3171AD42800F5DDA1 /* Default-568h@2x.png in Resources */,
				79FF6A7E171D3C2F00A3202F /* bit-tile-blue.gif in Resources */,
				79FF6A88171D3E3000A3202F /* DashboardViewController.xib in Resources */,
				7999F6AA171D658E00B74031 /* Button.png in Resources */,
				7999F6AB171D658E00B74031 /* Button@2x.png in Resources */,
				7999F6AC171D658E00B74031 /* ButtonHighlighted.png in Resources */,
				7999F6AD171D658E00B74031 /* ButtonHighlighted@2x.png in Resources */,
				7999F6B2171D730000B74031 /* light_toast.png in Resources */,
				7999F6B5171D7DDA00B74031 /* add.png in Resources */,
				7999F6B6171D7DDA00B74031 /* settings.png in Resources */,
				7999F6BB171D84BE00B74031 /* XMPPSettingsViewController.xib in Resources */,
				7999F6C0171D86CD00B74031 /* ListDetailViewController.xib in Resources */,
				7999F6C7171DAB5F00B74031 /* TodoListEntryCell.xib in Resources */,
				79BA8D351726C73B007FB4B3 /* TodoListCell~iphone.xib in Resources */,
				79BA8D40172AF3D2007FB4B3 /* EntryDetailViewController.xib in Resources */,
				79BA8D47172B17B0007FB4B3 /* text_view_background.png in Resources */,
				79BA8D48172B17B0007FB4B3 /* text_view_background@2x.png in Resources */,
				79AE3B851735AF1C000A5CA8 /* mobilist-icon.png in Resources */,
				79AE3B871735AF22000A5CA8 /* mobilist-icon@2x.png in Resources */,
				79C7ABA41766F4BD00AE4880 /* checked.png in Resources */,
				79C7ABA51766F4BD00AE4880 /* not-checked.png in Resources */,
			);
			runOnlyForDeploymentPostprocessing = 0;
		};
/* End PBXResourcesBuildPhase section */

/* Begin PBXShellScriptBuildPhase section */
		3BF0D3B38317436DBD72DEAE /* Copy Pods Resources */ = {
			isa = PBXShellScriptBuildPhase;
			buildActionMask = 2147483647;
			files = (
			);
			inputPaths = (
			);
			name = "Copy Pods Resources";
			outputPaths = (
			);
			runOnlyForDeploymentPostprocessing = 0;
			shellPath = /bin/sh;
			shellScript = "\"${SRCROOT}/Pods/Pods-resources.sh\"\n";
			showEnvVarsInLog = 0;
		};
		933F543CD1DE4CD5AB5730F2 /* Check Pods Manifest.lock */ = {
			isa = PBXShellScriptBuildPhase;
			buildActionMask = 2147483647;
			files = (
			);
			inputPaths = (
			);
			name = "Check Pods Manifest.lock";
			outputPaths = (
			);
			runOnlyForDeploymentPostprocessing = 0;
			shellPath = /bin/sh;
			shellScript = "diff \"${PODS_ROOT}/../Podfile.lock\" \"${PODS_ROOT}/Manifest.lock\" > /dev/null\nif [[ $? != 0 ]] ; then\n    cat << EOM\nerror: The sandbox is not in sync with the Podfile.lock. Run 'pod install' or update your CocoaPods installation.\nEOM\n    exit 1\nfi\n";
			showEnvVarsInLog = 0;
		};
/* End PBXShellScriptBuildPhase section */

/* Begin PBXSourcesBuildPhase section */
		79768E85171AD42800F5DDA1 /* Sources */ = {
			isa = PBXSourcesBuildPhase;
			buildActionMask = 2147483647;
			files = (
				79768E99171AD42800F5DDA1 /* main.m in Sources */,
				79768E9D171AD42800F5DDA1 /* MobiAppDelegate.m in Sources */,
				79FF6A87171D3E3000A3202F /* DashboardViewController.m in Sources */,
				7999F6BA171D84BE00B74031 /* XMPPSettingsViewController.m in Sources */,
				7999F6BF171D86CD00B74031 /* ListDetailViewController.m in Sources */,
				7999F6C5171DAB3A00B74031 /* TodoListEntryCell.m in Sources */,
				7915200F17203EE100AB33F0 /* MobiListEntry.m in Sources */,
				79152012172040D400AB33F0 /* MobiList.m in Sources */,
				79152015172047E900AB33F0 /* MobiListStore.m in Sources */,
				79BA8D381726C784007FB4B3 /* TodoListCell.m in Sources */,
				79BA8D3B17290423007FB4B3 /* TodoListViewController.m in Sources */,
				79BA8D3F172AF3D2007FB4B3 /* EntryDetailViewController.m in Sources */,
				79A4DD8B175A599F00E6BDE4 /* SyncRequest.m in Sources */,
				79A4DD9D175A800000E6BDE4 /* GetListRequest.m in Sources */,
				79A4DDA0175B99A400E6BDE4 /* SyncResponse.m in Sources */,
				79A4DDAE175CF84D00E6BDE4 /* ListsSyncFromService.m in Sources */,
				79A4DDB1175CFA0100E6BDE4 /* ListSyncFromService.m in Sources */,
				79A4DDB4175D2CB500E6BDE4 /* GetListResponse.m in Sources */,
				79A4DDC3175F9D4A00E6BDE4 /* NSString+XMLDecoding.m in Sources */,
				79A4DDC6175FC2AD00E6BDE4 /* CreateListRequest.m in Sources */,
				79A4DDC91761B82000E6BDE4 /* UUIDCreator.m in Sources */,
				79A4DDCC176317EB00E6BDE4 /* CreateListResponse.m in Sources */,
				79A4DDCF176326EC00E6BDE4 /* Constants.m in Sources */,
				79C7AB901763CD7C00AE4880 /* DeleteListRequest.m in Sources */,
				79C7AB931763CE7D00AE4880 /* DeleteListResponse.m in Sources */,
				79C7AB981764856000AE4880 /* EditListRequest.m in Sources */,
				79C7AB9B1764875D00AE4880 /* EditListResponse.m in Sources */,
				79C7AB9E17662E8200AE4880 /* CreateEntryRequest.m in Sources */,
				79C7ABA1176632E700AE4880 /* CreateEntryResponse.m in Sources */,
				79C7ABA81767380900AE4880 /* EditEntryRequest.m in Sources */,
				79C7ABAB17673A2700AE4880 /* EditEntryResponse.m in Sources */,
				79C7ABAE1767A99400AE4880 /* DeleteEntryRequest.m in Sources */,
				79C7ABB11767AC3300AE4880 /* DeleteEntryResponse.m in Sources */,
				79207512176CAE9E00C6F1D2 /* ListCreatedAccept.m in Sources */,
				79207515176CB05000C6F1D2 /* ListCreatedInfo.m in Sources */,
				79207518176CF2C600C6F1D2 /* ListEditedAccept.m in Sources */,
				7920751B176CF45D00C6F1D2 /* ListEditedInfo.m in Sources */,
				7920751E176DA83D00C6F1D2 /* ListDeletedInfo.m in Sources */,
				79207521176DAAA900C6F1D2 /* ListDeletedAccept.m in Sources */,
				79207524176DD83500C6F1D2 /* EntryCreatedInfo.m in Sources */,
				79207527176DDF5200C6F1D2 /* EntryCreatedAccept.m in Sources */,
				7920752A176DF07700C6F1D2 /* EntryEditedInfo.m in Sources */,
				7920752D176DF34300C6F1D2 /* EntryEditedAccept.m in Sources */,
				79B293F5176E05840059E65A /* EntryDeletedInfo.m in Sources */,
				79B293F8176E0AC10059E65A /* EntryDeletedAccept.m in Sources */,
			);
			runOnlyForDeploymentPostprocessing = 0;
		};
/* End PBXSourcesBuildPhase section */

/* Begin PBXVariantGroup section */
		79768E95171AD42800F5DDA1 /* InfoPlist.strings */ = {
			isa = PBXVariantGroup;
			children = (
				79768E96171AD42800F5DDA1 /* en */,
			);
			name = InfoPlist.strings;
			sourceTree = "<group>";
		};
/* End PBXVariantGroup section */

/* Begin XCBuildConfiguration section */
		79768EA4171AD42800F5DDA1 /* Debug */ = {
			isa = XCBuildConfiguration;
			buildSettings = {
				ALWAYS_SEARCH_USER_PATHS = NO;
				CLANG_CXX_LANGUAGE_STANDARD = "gnu++0x";
				CLANG_CXX_LIBRARY = "libc++";
				CLANG_ENABLE_OBJC_ARC = YES;
				CLANG_WARN_CONSTANT_CONVERSION = YES;
				CLANG_WARN_EMPTY_BODY = YES;
				CLANG_WARN_ENUM_CONVERSION = YES;
				CLANG_WARN_INT_CONVERSION = YES;
				CLANG_WARN__DUPLICATE_METHOD_MATCH = YES;
				"CODE_SIGN_IDENTITY[sdk=iphoneos*]" = "iPhone Developer";
				COPY_PHASE_STRIP = NO;
				GCC_C_LANGUAGE_STANDARD = gnu99;
				GCC_DYNAMIC_NO_PIC = NO;
				GCC_OPTIMIZATION_LEVEL = 0;
				GCC_PREPROCESSOR_DEFINITIONS = (
					"DEBUG=1",
					"$(inherited)",
				);
				GCC_SYMBOLS_PRIVATE_EXTERN = NO;
				GCC_WARN_ABOUT_RETURN_TYPE = YES;
				GCC_WARN_UNINITIALIZED_AUTOS = YES;
				GCC_WARN_UNUSED_VARIABLE = YES;
				HEADER_SEARCH_PATHS = /usr/include/libxml2;
				IPHONEOS_DEPLOYMENT_TARGET = 6.1;
				ONLY_ACTIVE_ARCH = YES;
				SDKROOT = iphoneos;
				TARGETED_DEVICE_FAMILY = "1,2";
			};
			name = Debug;
		};
		79768EA5171AD42800F5DDA1 /* Release */ = {
			isa = XCBuildConfiguration;
			buildSettings = {
				ALWAYS_SEARCH_USER_PATHS = NO;
				CLANG_CXX_LANGUAGE_STANDARD = "gnu++0x";
				CLANG_CXX_LIBRARY = "libc++";
				CLANG_ENABLE_OBJC_ARC = YES;
				CLANG_WARN_CONSTANT_CONVERSION = YES;
				CLANG_WARN_EMPTY_BODY = YES;
				CLANG_WARN_ENUM_CONVERSION = YES;
				CLANG_WARN_INT_CONVERSION = YES;
				CLANG_WARN__DUPLICATE_METHOD_MATCH = YES;
				"CODE_SIGN_IDENTITY[sdk=iphoneos*]" = "iPhone Developer";
				COPY_PHASE_STRIP = YES;
				GCC_C_LANGUAGE_STANDARD = gnu99;
				GCC_WARN_ABOUT_RETURN_TYPE = YES;
				GCC_WARN_UNINITIALIZED_AUTOS = YES;
				GCC_WARN_UNUSED_VARIABLE = YES;
				HEADER_SEARCH_PATHS = /usr/include/libxml2;
				IPHONEOS_DEPLOYMENT_TARGET = 6.1;
				OTHER_CFLAGS = "-DNS_BLOCK_ASSERTIONS=1";
				SDKROOT = iphoneos;
				TARGETED_DEVICE_FAMILY = "1,2";
				VALIDATE_PRODUCT = YES;
			};
			name = Release;
		};
		79768EA7171AD42800F5DDA1 /* Debug */ = {
			isa = XCBuildConfiguration;
			baseConfigurationReference = EE60EE39ACC5406184AF3F8B /* Pods.xcconfig */;
			buildSettings = {
				ALWAYS_SEARCH_USER_PATHS = NO;
				GCC_PRECOMPILE_PREFIX_HEADER = YES;
				GCC_PREFIX_HEADER = "Mobilist_iOS/Mobilist_iOS-Prefix.pch";
				HEADER_SEARCH_PATHS = "$(inherited)";
				INFOPLIST_FILE = "Mobilist_iOS/Mobilist_iOS-Info.plist";
				IPHONEOS_DEPLOYMENT_TARGET = 7.0;
				LIBRARY_SEARCH_PATHS = (
					"$(inherited)",
					"\"$(SRCROOT)\"",
				);
				OTHER_LDFLAGS = "$(inherited)";
				PRODUCT_NAME = "$(TARGET_NAME)";
				WRAPPER_EXTENSION = app;
			};
			name = Debug;
		};
		79768EA8171AD42800F5DDA1 /* Release */ = {
			isa = XCBuildConfiguration;
			baseConfigurationReference = EE60EE39ACC5406184AF3F8B /* Pods.xcconfig */;
			buildSettings = {
				ALWAYS_SEARCH_USER_PATHS = NO;
				GCC_PRECOMPILE_PREFIX_HEADER = YES;
				GCC_PREFIX_HEADER = "Mobilist_iOS/Mobilist_iOS-Prefix.pch";
				HEADER_SEARCH_PATHS = "$(inherited)";
				INFOPLIST_FILE = "Mobilist_iOS/Mobilist_iOS-Info.plist";
				IPHONEOS_DEPLOYMENT_TARGET = 7.0;
				LIBRARY_SEARCH_PATHS = (
					"$(inherited)",
					"\"$(SRCROOT)\"",
				);
				OTHER_LDFLAGS = "$(inherited)";
				PRODUCT_NAME = "$(TARGET_NAME)";
				WRAPPER_EXTENSION = app;
			};
			name = Release;
		};
/* End XCBuildConfiguration section */

/* Begin XCConfigurationList section */
		79768E84171AD42800F5DDA1 /* Build configuration list for PBXProject "Mobilist_iOS" */ = {
			isa = XCConfigurationList;
			buildConfigurations = (
				79768EA4171AD42800F5DDA1 /* Debug */,
				79768EA5171AD42800F5DDA1 /* Release */,
			);
			defaultConfigurationIsVisible = 0;
			defaultConfigurationName = Release;
		};
		79768EA6171AD42800F5DDA1 /* Build configuration list for PBXNativeTarget "Mobilist" */ = {
			isa = XCConfigurationList;
			buildConfigurations = (
				79768EA7171AD42800F5DDA1 /* Debug */,
				79768EA8171AD42800F5DDA1 /* Release */,
			);
			defaultConfigurationIsVisible = 0;
			defaultConfigurationName = Release;
		};
/* End XCConfigurationList section */
	};
	rootObject = 79768E81171AD42800F5DDA1 /* Project object */;
}
