PODS:
  - CocoaAsyncSocket (7.3.2)
  - CocoaLumberjack (1.6.4):
    - CocoaLumberjack/Core
    - CocoaLumberjack/Extensions
  - CocoaLumberjack/Core (1.6.4)
  - CocoaLumberjack/Extensions (1.6.4):
    - CocoaLumberjack/Core
  - FXKeychain (1.4)
  - MobilisMXi (0.5.0):
    - FXKeychain
    - MobilisMXi/no_arc
    - XMPPFramework/Core
    - XMPPFramework/Reconnect
    - XMPPFramework/Roster
    - XMPPFramework/XEP-0045
  - MobilisMXi/no_arc (0.5.0):
    - FXKeychain
    - XMPPFramework/Core
    - XMPPFramework/Reconnect
    - XMPPFramework/Roster
    - XMPPFramework/XEP-0045
  - XMPPFramework/Authentication (3.6.1):
    - XMPPFramework/Core
  - XMPPFramework/Categories (3.6.1):
    - XMPPFramework/Core
  - XMPPFramework/Core (3.6.1):
    - CocoaAsyncSocket (~> 7.3.1)
    - CocoaLumberjack (~> 1.6.2)
    - XMPPFramework/Authentication
    - XMPPFramework/Categories
    - XMPPFramework/KissXML
    - XMPPFramework/Utilities
  - XMPPFramework/CoreDataStorage (3.6.1):
    - XMPPFramework/Core
  - XMPPFramework/KissXML (3.6.1):
    - XMPPFramework/Core
  - XMPPFramework/Reconnect (3.6.1):
    - XMPPFramework/Core
  - XMPPFramework/Roster (3.6.1):
    - XMPPFramework/Core
    - XMPPFramework/CoreDataStorage
    - XMPPFramework/XEP-0203
  - XMPPFramework/Utilities (3.6.1):
    - XMPPFramework/Core
  - XMPPFramework/XEP-0045 (3.6.1):
    - XMPPFramework/Core
    - XMPPFramework/CoreDataStorage
    - XMPPFramework/XEP-0203
  - XMPPFramework/XEP-0082 (3.6.1):
    - XMPPFramework/Core
  - XMPPFramework/XEP-0203 (3.6.1):
    - XMPPFramework/Core
    - XMPPFramework/XEP-0082

DEPENDENCIES:
  - MobilisMXi (from `/Users/martin/Development/Mobilis/Mobilis`)
  - XMPPFramework/Core (from `xmpp.podspec`)
  - XMPPFramework/Reconnect (from `xmpp.podspec`)
  - XMPPFramework/Roster (from `xmpp.podspec`)
  - XMPPFramework/XEP-0045 (from `xmpp.podspec`)

EXTERNAL SOURCES:
  MobilisMXi:
    :path: /Users/martin/Development/Mobilis/Mobilis
  XMPPFramework:
    :podspec: xmpp.podspec

SPEC CHECKSUMS:
  CocoaAsyncSocket: 977404129ec8505fee1c3701956b769e3bb10ea7
  CocoaLumberjack: 006187e7e3c52f505aab43d7b5ba6af35838bf23
  FXKeychain: 649efca683aa602c446620701a46780515d25610
  MobilisMXi: 94efe63b89ed81b119a4c7119791c0e981ea7b9a
  XMPPFramework: fde30bd10f0bd848e3572f858e3be230805f28f0

COCOAPODS: 0.27.1
